
Microsoft Visual Studio Solution File, Format Version 12.00
# Visual Studio 15
VisualStudioVersion = 15.0.27703.2026
MinimumVisualStudioVersion = 10.0.40219.1
Project("{FAE04EC0-301F-11D3-BF4B-00C04F79EFBC}") = "Remove_TUPrep", "Remove_TUPrep\Remove_TUPrep.csproj", "{F2436CE7-4989-4BE9-8DC1-EAF174DF99CD}"
EndProject
Global
	GlobalSection(SolutionConfigurationPlatforms) = preSolution
		Debug|Any CPU = Debug|Any CPU
		Release|Any CPU = Release|Any CPU
	EndGlobalSection
	GlobalSection(ProjectConfigurationPlatforms) = postSolution
		{F2436CE7-4989-4BE9-8DC1-EAF174DF99CD}.Debug|Any CPU.ActiveCfg = Debug|Any CPU
		{F2436CE7-4989-4BE9-8DC1-EAF174DF99CD}.Debug|Any CPU.Build.0 = Debug|Any CPU
		{F2436CE7-4989-4BE9-8DC1-EAF174DF99CD}.Release|Any CPU.ActiveCfg = Release|Any CPU
		{F2436CE7-4989-4BE9-8DC1-EAF174DF99CD}.Release|Any CPU.Build.0 = Release|Any CPU
	EndGlobalSection
	GlobalSection(SolutionProperties) = preSolution
		HideSolutionNode = FALSE
	EndGlobalSection
	GlobalSection(ExtensibilityGlobals) = postSolution
		SolutionGuid = {1E2AC861-D49B-49F4-B5E9-DD3A5EC4D9CF}
	EndGlobalSection
EndGlobal
